// !$*UTF8*$!
{
	archiveVersion = 1;
	classes = {
	};
	objectVersion = 46;
	objects = {

/* Begin PBXBuildFile section */
		945EF94B17F7D66C00B5445F /* Foundation.framework in Frameworks */ = {isa = PBXBuildFile; fileRef = 945EF94A17F7D66C00B5445F /* Foundation.framework */; };
		945EF94D17F7D66C00B5445F /* CoreGraphics.framework in Frameworks */ = {isa = PBXBuildFile; fileRef = 945EF94C17F7D66C00B5445F /* CoreGraphics.framework */; };
		945EF94F17F7D66C00B5445F /* UIKit.framework in Frameworks */ = {isa = PBXBuildFile; fileRef = 945EF94E17F7D66C00B5445F /* UIKit.framework */; };
		945EF95517F7D66C00B5445F /* InfoPlist.strings in Resources */ = {isa = PBXBuildFile; fileRef = 945EF95317F7D66C00B5445F /* InfoPlist.strings */; };
		945EF95717F7D66C00B5445F /* main.m in Sources */ = {isa = PBXBuildFile; fileRef = 945EF95617F7D66C00B5445F /* main.m */; };
		945EF95B17F7D66D00B5445F /* XYZAppDelegate.m in Sources */ = {isa = PBXBuildFile; fileRef = 945EF95A17F7D66D00B5445F /* XYZAppDelegate.m */; };
		945EF95E17F7D66D00B5445F /* Main_iPhone.storyboard in Resources */ = {isa = PBXBuildFile; fileRef = 945EF95C17F7D66D00B5445F /* Main_iPhone.storyboard */; };
		945EF96117F7D66D00B5445F /* Main_iPad.storyboard in Resources */ = {isa = PBXBuildFile; fileRef = 945EF95F17F7D66D00B5445F /* Main_iPad.storyboard */; };
		945EF96417F7D66D00B5445F /* XYZViewController.m in Sources */ = {isa = PBXBuildFile; fileRef = 945EF96317F7D66D00B5445F /* XYZViewController.m */; };
		945EF96617F7D66D00B5445F /* Images.xcassets in Resources */ = {isa = PBXBuildFile; fileRef = 945EF96517F7D66D00B5445F /* Images.xcassets */; };
		945EF96D17F7D66D00B5445F /* XCTest.framework in Frameworks */ = {isa = PBXBuildFile; fileRef = 945EF96C17F7D66D00B5445F /* XCTest.framework */; };
		945EF96E17F7D66D00B5445F /* Foundation.framework in Frameworks */ = {isa = PBXBuildFile; fileRef = 945EF94A17F7D66C00B5445F /* Foundation.framework */; };
		945EF96F17F7D66D00B5445F /* UIKit.framework in Frameworks */ = {isa = PBXBuildFile; fileRef = 945EF94E17F7D66C00B5445F /* UIKit.framework */; };
		945EF97717F7D66D00B5445F /* InfoPlist.strings in Resources */ = {isa = PBXBuildFile; fileRef = 945EF97517F7D66D00B5445F /* InfoPlist.strings */; };
		945EF97917F7D66D00B5445F /* YoshiScreamTests.m in Sources */ = {isa = PBXBuildFile; fileRef = 945EF97817F7D66D00B5445F /* YoshiScreamTests.m */; };
/* End PBXBuildFile section */

/* Begin PBXContainerItemProxy section */
		945EF97017F7D66D00B5445F /* PBXContainerItemProxy */ = {
			isa = PBXContainerItemProxy;
			containerPortal = 945EF93F17F7D66C00B5445F /* Project object */;
			proxyType = 1;
			remoteGlobalIDString = 945EF94617F7D66C00B5445F;
			remoteInfo = YoshiScream;
		};
/* End PBXContainerItemProxy section */

/* Begin PBXFileReference section */
		945EF94717F7D66C00B5445F /* YoshiScream.app */ = {isa = PBXFileReference; explicitFileType = wrapper.application; includeInIndex = 0; path = YoshiScream.app; sourceTree = BUILT_PRODUCTS_DIR; };
		945EF94A17F7D66C00B5445F /* Foundation.framework */ = {isa = PBXFileReference; lastKnownFileType = wrapper.framework; name = Foundation.framework; path = System/Library/Frameworks/Foundation.framework; sourceTree = SDKROOT; };
		945EF94C17F7D66C00B5445F /* CoreGraphics.framework */ = {isa = PBXFileReference; lastKnownFileType = wrapper.framework; name = CoreGraphics.framework; path = System/Library/Frameworks/CoreGraphics.framework; sourceTree = SDKROOT; };
		945EF94E17F7D66C00B5445F /* UIKit.framework */ = {isa = PBXFileReference; lastKnownFileType = wrapper.framework; name = UIKit.framework; path = System/Library/Frameworks/UIKit.framework; sourceTree = SDKROOT; };
		945EF95217F7D66C00B5445F /* YoshiScream-Info.plist */ = {isa = PBXFileReference; lastKnownFileType = text.plist.xml; path = "YoshiScream-Info.plist"; sourceTree = "<group>"; };
		945EF95417F7D66C00B5445F /* en */ = {isa = PBXFileReference; lastKnownFileType = text.plist.strings; name = en; path = en.lproj/InfoPlist.strings; sourceTree = "<group>"; };
		945EF95617F7D66C00B5445F /* main.m */ = {isa = PBXFileReference; lastKnownFileType = sourcecode.c.objc; path = main.m; sourceTree = "<group>"; };
		945EF95817F7D66C00B5445F /* YoshiScream-Prefix.pch */ = {isa = PBXFileReference; lastKnownFileType = sourcecode.c.h; path = "YoshiScream-Prefix.pch"; sourceTree = "<group>"; };
		945EF95917F7D66C00B5445F /* XYZAppDelegate.h */ = {isa = PBXFileReference; lastKnownFileType = sourcecode.c.h; path = XYZAppDelegate.h; sourceTree = "<group>"; };
		945EF95A17F7D66D00B5445F /* XYZAppDelegate.m */ = {isa = PBXFileReference; lastKnownFileType = sourcecode.c.objc; path = XYZAppDelegate.m; sourceTree = "<group>"; };
		945EF95D17F7D66D00B5445F /* Base */ = {isa = PBXFileReference; lastKnownFileType = file.storyboard; name = Base; path = Base.lproj/Main_iPhone.storyboard; sourceTree = "<group>"; };
		945EF96017F7D66D00B5445F /* Base */ = {isa = PBXFileReference; lastKnownFileType = file.storyboard; name = Base; path = Base.lproj/Main_iPad.storyboard; sourceTree = "<group>"; };
		945EF96217F7D66D00B5445F /* XYZViewController.h */ = {isa = PBXFileReference; lastKnownFileType = sourcecode.c.h; path = XYZViewController.h; sourceTree = "<group>"; };
		945EF96317F7D66D00B5445F /* XYZViewController.m */ = {isa = PBXFileReference; lastKnownFileType = sourcecode.c.objc; path = XYZViewController.m; sourceTree = "<group>"; };
		945EF96517F7D66D00B5445F /* Images.xcassets */ = {isa = PBXFileReference; lastKnownFileType = folder.assetcatalog; path = Images.xcassets; sourceTree = "<group>"; };
		945EF96B17F7D66D00B5445F /* YoshiScreamTests.xctest */ = {isa = PBXFileReference; explicitFileType = wrapper.cfbundle; includeInIndex = 0; path = YoshiScreamTests.xctest; sourceTree = BUILT_PRODUCTS_DIR; };
		945EF96C17F7D66D00B5445F /* XCTest.framework */ = {isa = PBXFileReference; lastKnownFileType = wrapper.framework; name = XCTest.framework; path = Library/Frameworks/XCTest.framework; sourceTree = DEVELOPER_DIR; };
		945EF97417F7D66D00B5445F /* YoshiScreamTests-Info.plist */ = {isa = PBXFileReference; lastKnownFileType = text.plist.xml; path = "YoshiScreamTests-Info.plist"; sourceTree = "<group>"; };
		945EF97617F7D66D00B5445F /* en */ = {isa = PBXFileReference; lastKnownFileType = text.plist.strings; name = en; path = en.lproj/InfoPlist.strings; sourceTree = "<group>"; };
		945EF97817F7D66D00B5445F /* YoshiScreamTests.m */ = {isa = PBXFileReference; lastKnownFileType = sourcecode.c.objc; path = YoshiScreamTests.m; sourceTree = "<group>"; };
/* End PBXFileReference section */

/* Begin PBXFrameworksBuildPhase section */
		945EF94417F7D66C00B5445F /* Frameworks */ = {
			isa = PBXFrameworksBuildPhase;
			buildActionMask = 2147483647;
			files = (
				945EF94D17F7D66C00B5445F /* CoreGraphics.framework in Frameworks */,
				945EF94F17F7D66C00B5445F /* UIKit.framework in Frameworks */,
				945EF94B17F7D66C00B5445F /* Foundation.framework in Frameworks */,
			);
			runOnlyForDeploymentPostprocessing = 0;
		};
		945EF96817F7D66D00B5445F /* Frameworks */ = {
			isa = PBXFrameworksBuildPhase;
			buildActionMask = 2147483647;
			files = (
				945EF96D17F7D66D00B5445F /* XCTest.framework in Frameworks */,
				945EF96F17F7D66D00B5445F /* UIKit.framework in Frameworks */,
				945EF96E17F7D66D00B5445F /* Foundation.framework in Frameworks */,
			);
			runOnlyForDeploymentPostprocessing = 0;
		};
/* End PBXFrameworksBuildPhase section */

/* Begin PBXGroup section */
		945EF93E17F7D66C00B5445F = {
			isa = PBXGroup;
			children = (
				945EF95017F7D66C00B5445F /* YoshiScream */,
				945EF97217F7D66D00B5445F /* YoshiScreamTests */,
				945EF94917F7D66C00B5445F /* Frameworks */,
				945EF94817F7D66C00B5445F /* Products */,
			);
			sourceTree = "<group>";
		};
		945EF94817F7D66C00B5445F /* Products */ = {
			isa = PBXGroup;
			children = (
				945EF94717F7D66C00B5445F /* YoshiScream.app */,
				945EF96B17F7D66D00B5445F /* YoshiScreamTests.xctest */,
			);
			name = Products;
			sourceTree = "<group>";
		};
		945EF94917F7D66C00B5445F /* Frameworks */ = {
			isa = PBXGroup;
			children = (
				945EF94A17F7D66C00B5445F /* Foundation.framework */,
				945EF94C17F7D66C00B5445F /* CoreGraphics.framework */,
				945EF94E17F7D66C00B5445F /* UIKit.framework */,
				945EF96C17F7D66D00B5445F /* XCTest.framework */,
			);
			name = Frameworks;
			sourceTree = "<group>";
		};
		945EF95017F7D66C00B5445F /* YoshiScream */ = {
			isa = PBXGroup;
			children = (
				945EF95917F7D66C00B5445F /* XYZAppDelegate.h */,
				945EF95A17F7D66D00B5445F /* XYZAppDelegate.m */,
				945EF95C17F7D66D00B5445F /* Main_iPhone.storyboard */,
				945EF95F17F7D66D00B5445F /* Main_iPad.storyboard */,
				945EF96217F7D66D00B5445F /* XYZViewController.h */,
				945EF96317F7D66D00B5445F /* XYZViewController.m */,
				945EF96517F7D66D00B5445F /* Images.xcassets */,
				945EF95117F7D66C00B5445F /* Supporting Files */,
			);
			path = YoshiScream;
			sourceTree = "<group>";
		};
		945EF95117F7D66C00B5445F /* Supporting Files */ = {
			isa = PBXGroup;
			children = (
				945EF95217F7D66C00B5445F /* YoshiScream-Info.plist */,
				945EF95317F7D66C00B5445F /* InfoPlist.strings */,
				945EF95617F7D66C00B5445F /* main.m */,
				945EF95817F7D66C00B5445F /* YoshiScream-Prefix.pch */,
			);
			name = "Supporting Files";
			sourceTree = "<group>";
		};
		945EF97217F7D66D00B5445F /* YoshiScreamTests */ = {
			isa = PBXGroup;
			children = (
				945EF97817F7D66D00B5445F /* YoshiScreamTests.m */,
				945EF97317F7D66D00B5445F /* Supporting Files */,
			);
			path = YoshiScreamTests;
			sourceTree = "<group>";
		};
		945EF97317F7D66D00B5445F /* Supporting Files */ = {
			isa = PBXGroup;
			children = (
				945EF97417F7D66D00B5445F /* YoshiScreamTests-Info.plist */,
				945EF97517F7D66D00B5445F /* InfoPlist.strings */,
			);
			name = "Supporting Files";
			sourceTree = "<group>";
		};
/* End PBXGroup section */

/* Begin PBXNativeTarget section */
		945EF94617F7D66C00B5445F /* YoshiScream */ = {
			isa = PBXNativeTarget;
			buildConfigurationList = 945EF97C17F7D66D00B5445F /* Build configuration list for PBXNativeTarget "YoshiScream" */;
			buildPhases = (
				945EF94317F7D66C00B5445F /* Sources */,
				945EF94417F7D66C00B5445F /* Frameworks */,
				945EF94517F7D66C00B5445F /* Resources */,
			);
			buildRules = (
			);
			dependencies = (
			);
			name = YoshiScream;
			productName = YoshiScream;
			productReference = 945EF94717F7D66C00B5445F /* YoshiScream.app */;
			productType = "com.apple.product-type.application";
		};
		945EF96A17F7D66D00B5445F /* YoshiScreamTests */ = {
			isa = PBXNativeTarget;
			buildConfigurationList = 945EF97F17F7D66D00B5445F /* Build configuration list for PBXNativeTarget "YoshiScreamTests" */;
			buildPhases = (
				945EF96717F7D66D00B5445F /* Sources */,
				945EF96817F7D66D00B5445F /* Frameworks */,
				945EF96917F7D66D00B5445F /* Resources */,
			);
			buildRules = (
			);
			dependencies = (
				945EF97117F7D66D00B5445F /* PBXTargetDependency */,
			);
			name = YoshiScreamTests;
			productName = YoshiScreamTests;
			productReference = 945EF96B17F7D66D00B5445F /* YoshiScreamTests.xctest */;
			productType = "com.apple.product-type.bundle.unit-test";
		};
/* End PBXNativeTarget section */

/* Begin PBXProject section */
		945EF93F17F7D66C00B5445F /* Project object */ = {
			isa = PBXProject;
			attributes = {
				CLASSPREFIX = XYZ;
				LastUpgradeCheck = 0500;
				ORGANIZATIONNAME = Yoshi;
				TargetAttributes = {
					945EF96A17F7D66D00B5445F = {
						TestTargetID = 945EF94617F7D66C00B5445F;
					};
				};
			};
			buildConfigurationList = 945EF94217F7D66C00B5445F /* Build configuration list for PBXProject "YoshiScream" */;
			compatibilityVersion = "Xcode 3.2";
			developmentRegion = English;
			hasScannedForEncodings = 0;
			knownRegions = (
				en,
				Base,
			);
			mainGroup = 945EF93E17F7D66C00B5445F;
			productRefGroup = 945EF94817F7D66C00B5445F /* Products */;
			projectDirPath = "";
			projectRoot = "";
			targets = (
				945EF94617F7D66C00B5445F /* YoshiScream */,
				945EF96A17F7D66D00B5445F /* YoshiScreamTests */,
			);
		};
/* End PBXProject section */

/* Begin PBXResourcesBuildPhase section */
		945EF94517F7D66C00B5445F /* Resources */ = {
			isa = PBXResourcesBuildPhase;
			buildActionMask = 2147483647;
			files = (
				945EF96117F7D66D00B5445F /* Main_iPad.storyboard in Resources */,
				945EF96617F7D66D00B5445F /* Images.xcassets in Resources */,
				945EF95E17F7D66D00B5445F /* Main_iPhone.storyboard in Resources */,
				945EF95517F7D66C00B5445F /* InfoPlist.strings in Resources */,
			);
			runOnlyForDeploymentPostprocessing = 0;
		};
		945EF96917F7D66D00B5445F /* Resources */ = {
			isa = PBXResourcesBuildPhase;
			buildActionMask = 2147483647;
			files = (
				945EF97717F7D66D00B5445F /* InfoPlist.strings in Resources */,
			);
			runOnlyForDeploymentPostprocessing = 0;
		};
/* End PBXResourcesBuildPhase section */

/* Begin PBXSourcesBuildPhase section */
		945EF94317F7D66C00B5445F /* Sources */ = {
			isa = PBXSourcesBuildPhase;
			buildActionMask = 2147483647;
			files = (
				945EF96417F7D66D00B5445F /* XYZViewController.m in Sources */,
				945EF95B17F7D66D00B5445F /* XYZAppDelegate.m in Sources */,
				945EF95717F7D66C00B5445F /* main.m in Sources */,
			);
			runOnlyForDeploymentPostprocessing = 0;
		};
		945EF96717F7D66D00B5445F /* Sources */ = {
			isa = PBXSourcesBuildPhase;
			buildActionMask = 2147483647;
			files = (
				945EF97917F7D66D00B5445F /* YoshiScreamTests.m in Sources */,
			);
			runOnlyForDeploymentPostprocessing = 0;
		};
/* End PBXSourcesBuildPhase section */

/* Begin PBXTargetDependency section */
		945EF97117F7D66D00B5445F /* PBXTargetDependency */ = {
			isa = PBXTargetDependency;
			target = 945EF94617F7D66C00B5445F /* YoshiScream */;
			targetProxy = 945EF97017F7D66D00B5445F /* PBXContainerItemProxy */;
		};
/* End PBXTargetDependency section */

/* Begin PBXVariantGroup section */
		945EF95317F7D66C00B5445F /* InfoPlist.strings */ = {
			isa = PBXVariantGroup;
			children = (
				945EF95417F7D66C00B5445F /* en */,
			);
			name = InfoPlist.strings;
			sourceTree = "<group>";
		};
		945EF95C17F7D66D00B5445F /* Main_iPhone.storyboard */ = {
			isa = PBXVariantGroup;
			children = (
				945EF95D17F7D66D00B5445F /* Base */,
			);
			name = Main_iPhone.storyboard;
			sourceTree = "<group>";
		};
		945EF95F17F7D66D00B5445F /* Main_iPad.storyboard */ = {
			isa = PBXVariantGroup;
			children = (
				945EF96017F7D66D00B5445F /* Base */,
			);
			name = Main_iPad.storyboard;
			sourceTree = "<group>";
		};
		945EF97517F7D66D00B5445F /* InfoPlist.strings */ = {
			isa = PBXVariantGroup;
			children = (
				945EF97617F7D66D00B5445F /* en */,
			);
			name = InfoPlist.strings;
			sourceTree = "<group>";
		};
/* End PBXVariantGroup section */

/* Begin XCBuildConfiguration section */
		945EF97A17F7D66D00B5445F /* Debug */ = {
			isa = XCBuildConfiguration;
			buildSettings = {
				ALWAYS_SEARCH_USER_PATHS = NO;
				ARCHS = "$(ARCHS_STANDARD_INCLUDING_64_BIT)";
				CLANG_CXX_LANGUAGE_STANDARD = "gnu++0x";
				CLANG_CXX_LIBRARY = "libc++";
				CLANG_ENABLE_MODULES = YES;
				CLANG_ENABLE_OBJC_ARC = YES;
				CLANG_WARN_BOOL_CONVERSION = YES;
				CLANG_WARN_CONSTANT_CONVERSION = YES;
				CLANG_WARN_DIRECT_OBJC_ISA_USAGE = YES_ERROR;
				CLANG_WARN_EMPTY_BODY = YES;
				CLANG_WARN_ENUM_CONVERSION = YES;
				CLANG_WARN_INT_CONVERSION = YES;
				CLANG_WARN_OBJC_ROOT_CLASS = YES_ERROR;
				CLANG_WARN__DUPLICATE_METHOD_MATCH = YES;
				"CODE_SIGN_IDENTITY[sdk=iphoneos*]" = "iPhone Developer";
				COPY_PHASE_STRIP = NO;
				GCC_C_LANGUAGE_STANDARD = gnu99;
				GCC_DYNAMIC_NO_PIC = NO;
				GCC_OPTIMIZATION_LEVEL = 0;
				GCC_PREPROCESSOR_DEFINITIONS = (
					"DEBUG=1",
					"$(inherited)",
				);
				GCC_SYMBOLS_PRIVATE_EXTERN = NO;
				GCC_WARN_64_TO_32_BIT_CONVERSION = YES;
				GCC_WARN_ABOUT_RETURN_TYPE = YES_ERROR;
				GCC_WARN_UNDECLARED_SELECTOR = YES;
				GCC_WARN_UNINITIALIZED_AUTOS = YES;
				GCC_WARN_UNUSED_FUNCTION = YES;
				GCC_WARN_UNUSED_VARIABLE = YES;
				IPHONEOS_DEPLOYMENT_TARGET = 7.0;
				ONLY_ACTIVE_ARCH = YES;
				SDKROOT = iphoneos;
				TARGETED_DEVICE_FAMILY = "1,2";
			};
			name = Debug;
		};
		945EF97B17F7D66D00B5445F /* Release */ = {
			isa = XCBuildConfiguration;
			buildSettings = {
				ALWAYS_SEARCH_USER_PATHS = NO;
				ARCHS = "$(ARCHS_STANDARD_INCLUDING_64_BIT)";
				CLANG_CXX_LANGUAGE_STANDARD = "gnu++0x";
				CLANG_CXX_LIBRARY = "libc++";
				CLANG_ENABLE_MODULES = YES;
				CLANG_ENABLE_OBJC_ARC = YES;
				CLANG_WARN_BOOL_CONVERSION = YES;
				CLANG_WARN_CONSTANT_CONVERSION = YES;
				CLANG_WARN_DIRECT_OBJC_ISA_USAGE = YES_ERROR;
				CLANG_WARN_EMPTY_BODY = YES;
				CLANG_WARN_ENUM_CONVERSION = YES;
				CLANG_WARN_INT_CONVERSION = YES;
				CLANG_WARN_OBJC_ROOT_CLASS = YES_ERROR;
				CLANG_WARN__DUPLICATE_METHOD_MATCH = YES;
				"CODE_SIGN_IDENTITY[sdk=iphoneos*]" = "iPhone Developer";
				COPY_PHASE_STRIP = YES;
				ENABLE_NS_ASSERTIONS = NO;
				GCC_C_LANGUAGE_STANDARD = gnu99;
				GCC_WARN_64_TO_32_BIT_CONVERSION = YES;
				GCC_WARN_ABOUT_RETURN_TYPE = YES_ERROR;
				GCC_WARN_UNDECLARED_SELECTOR = YES;
				GCC_WARN_UNINITIALIZED_AUTOS = YES;
				GCC_WARN_UNUSED_FUNCTION = YES;
				GCC_WARN_UNUSED_VARIABLE = YES;
				IPHONEOS_DEPLOYMENT_TARGET = 7.0;
				SDKROOT = iphoneos;
				TARGETED_DEVICE_FAMILY = "1,2";
				VALIDATE_PRODUCT = YES;
			};
			name = Release;
		};
		945EF97D17F7D66D00B5445F /* Debug */ = {
			isa = XCBuildConfiguration;
			buildSettings = {
				ASSETCATALOG_COMPILER_APPICON_NAME = AppIcon;
				ASSETCATALOG_COMPILER_LAUNCHIMAGE_NAME = LaunchImage;
				GCC_PRECOMPILE_PREFIX_HEADER = YES;
				GCC_PREFIX_HEADER = "YoshiScream/YoshiScream-Prefix.pch";
				INFOPLIST_FILE = "YoshiScream/YoshiScream-Info.plist";
				PRODUCT_NAME = "$(TARGET_NAME)";
				WRAPPER_EXTENSION = app;
			};
			name = Debug;
		};
		945EF97E17F7D66D00B5445F /* Release */ = {
			isa = XCBuildConfiguration;
			buildSettings = {
				ASSETCATALOG_COMPILER_APPICON_NAME = AppIcon;
				ASSETCATALOG_COMPILER_LAUNCHIMAGE_NAME = LaunchImage;
				GCC_PRECOMPILE_PREFIX_HEADER = YES;
				GCC_PREFIX_HEADER = "YoshiScream/YoshiScream-Prefix.pch";
				INFOPLIST_FILE = "YoshiScream/YoshiScream-Info.plist";
				PRODUCT_NAME = "$(TARGET_NAME)";
				WRAPPER_EXTENSION = app;
			};
			name = Release;
		};
		945EF98017F7D66D00B5445F /* Debug */ = {
			isa = XCBuildConfiguration;
			buildSettings = {
				ARCHS = "$(ARCHS_STANDARD_INCLUDING_64_BIT)";
				BUNDLE_LOADER = "$(BUILT_PRODUCTS_DIR)/YoshiScream.app/YoshiScream";
				FRAMEWORK_SEARCH_PATHS = (
					"$(SDKROOT)/Developer/Library/Frameworks",
					"$(inherited)",
					"$(DEVELOPER_FRAMEWORKS_DIR)",
				);
				GCC_PRECOMPILE_PREFIX_HEADER = YES;
				GCC_PREFIX_HEADER = "YoshiScream/YoshiScream-Prefix.pch";
				GCC_PREPROCESSOR_DEFINITIONS = (
					"DEBUG=1",
					"$(inherited)",
				);
				INFOPLIST_FILE = "YoshiScreamTests/YoshiScreamTests-Info.plist";
				PRODUCT_NAME = "$(TARGET_NAME)";
				TEST_HOST = "$(BUNDLE_LOADER)";
				WRAPPER_EXTENSION = xctest;
			};
			name = Debug;
		};
		945EF98117F7D66D00B5445F /* Release */ = {
			isa = XCBuildConfiguration;
			buildSettings = {
				ARCHS = "$(ARCHS_STANDARD_INCLUDING_64_BIT)";
				BUNDLE_LOADER = "$(BUILT_PRODUCTS_DIR)/YoshiScream.app/YoshiScream";
				FRAMEWORK_SEARCH_PATHS = (
					"$(SDKROOT)/Developer/Library/Frameworks",
					"$(inherited)",
					"$(DEVELOPER_FRAMEWORKS_DIR)",
				);
				GCC_PRECOMPILE_PREFIX_HEADER = YES;
				GCC_PREFIX_HEADER = "YoshiScream/YoshiScream-Prefix.pch";
				INFOPLIST_FILE = "YoshiScreamTests/YoshiScreamTests-Info.plist";
				PRODUCT_NAME = "$(TARGET_NAME)";
				TEST_HOST = "$(BUNDLE_LOADER)";
				WRAPPER_EXTENSION = xctest;
			};
			name = Release;
		};
/* End XCBuildConfiguration section */

/* Begin XCConfigurationList section */
		945EF94217F7D66C00B5445F /* Build configuration list for PBXProject "YoshiScream" */ = {
			isa = XCConfigurationList;
			buildConfigurations = (
				945EF97A17F7D66D00B5445F /* Debug */,
				945EF97B17F7D66D00B5445F /* Release */,
			);
			defaultConfigurationIsVisible = 0;
			defaultConfigurationName = Release;
		};
		945EF97C17F7D66D00B5445F /* Build configuration list for PBXNativeTarget "YoshiScream" */ = {
			isa = XCConfigurationList;
			buildConfigurations = (
				945EF97D17F7D66D00B5445F /* Debug */,
				945EF97E17F7D66D00B5445F /* Release */,
			);
			defaultConfigurationIsVisible = 0;
		};
		945EF97F17F7D66D00B5445F /* Build configuration list for PBXNativeTarget "YoshiScreamTests" */ = {
			isa = XCConfigurationList;
			buildConfigurations = (
				945EF98017F7D66D00B5445F /* Debug */,
				945EF98117F7D66D00B5445F /* Release */,
			);
			defaultConfigurationIsVisible = 0;
		};
/* End XCConfigurationList section */
	};
	rootObject = 945EF93F17F7D66C00B5445F /* Project object */;
}
